
Microsoft Visual Studio Solution File, Format Version 12.00
# Visual Studio Version 16
VisualStudioVersion = 16.0.31402.337
MinimumVisualStudioVersion = 10.0.40219.1
Project("{FAE04EC0-301F-11D3-BF4B-00C04F79EFBC}") = "Bestanden", "Bestanden\Bestanden.csproj", "{D020B08E-69BA-410E-8BD1-F399D2A704E8}"
EndProject
Project("{FAE04EC0-301F-11D3-BF4B-00C04F79EFBC}") = "StromingsLeer", "StromingsLeer\StromingsLeer.csproj", "{0F696D23-039A-4393-81FE-FB854214F1C7}"
EndProject
Project("{FAE04EC0-301F-11D3-BF4B-00C04F79EFBC}") = "Cerials", "Cerials\Cerials.csproj", "{77AD572F-600E-458F-9E95-498BF9AF3774}"
EndProject
Project("{FAE04EC0-301F-11D3-BF4B-00C04F79EFBC}") = "CerialsOld", "CerialsOld\CerialsOld.csproj", "{F9685B4D-7134-44FF-97E1-6204A7A53B05}"
EndProject
Global
	GlobalSection(SolutionConfigurationPlatforms) = preSolution
		Debug|Any CPU = Debug|Any CPU
		Release|Any CPU = Release|Any CPU
	EndGlobalSection
	GlobalSection(ProjectConfigurationPlatforms) = postSolution
		{D020B08E-69BA-410E-8BD1-F399D2A704E8}.Debug|Any CPU.ActiveCfg = Debug|Any CPU
		{D020B08E-69BA-410E-8BD1-F399D2A704E8}.Debug|Any CPU.Build.0 = Debug|Any CPU
		{D020B08E-69BA-410E-8BD1-F399D2A704E8}.Release|Any CPU.ActiveCfg = Release|Any CPU
		{D020B08E-69BA-410E-8BD1-F399D2A704E8}.Release|Any CPU.Build.0 = Release|Any CPU
		{0F696D23-039A-4393-81FE-FB854214F1C7}.Debug|Any CPU.ActiveCfg = Debug|Any CPU
		{0F696D23-039A-4393-81FE-FB854214F1C7}.Debug|Any CPU.Build.0 = Debug|Any CPU
		{0F696D23-039A-4393-81FE-FB854214F1C7}.Release|Any CPU.ActiveCfg = Release|Any CPU
		{0F696D23-039A-4393-81FE-FB854214F1C7}.Release|Any CPU.Build.0 = Release|Any CPU
		{77AD572F-600E-458F-9E95-498BF9AF3774}.Debug|Any CPU.ActiveCfg = Debug|Any CPU
		{77AD572F-600E-458F-9E95-498BF9AF3774}.Debug|Any CPU.Build.0 = Debug|Any CPU
		{77AD572F-600E-458F-9E95-498BF9AF3774}.Release|Any CPU.ActiveCfg = Release|Any CPU
		{77AD572F-600E-458F-9E95-498BF9AF3774}.Release|Any CPU.Build.0 = Release|Any CPU
		{F9685B4D-7134-44FF-97E1-6204A7A53B05}.Debug|Any CPU.ActiveCfg = Debug|Any CPU
		{F9685B4D-7134-44FF-97E1-6204A7A53B05}.Debug|Any CPU.Build.0 = Debug|Any CPU
		{F9685B4D-7134-44FF-97E1-6204A7A53B05}.Release|Any CPU.ActiveCfg = Release|Any CPU
		{F9685B4D-7134-44FF-97E1-6204A7A53B05}.Release|Any CPU.Build.0 = Release|Any CPU
	EndGlobalSection
	GlobalSection(SolutionProperties) = preSolution
		HideSolutionNode = FALSE
	EndGlobalSection
	GlobalSection(ExtensibilityGlobals) = postSolution
		SolutionGuid = {A420F164-0035-47BB-98F8-166095A0A0DC}
	EndGlobalSection
EndGlobal
