
Microsoft Visual Studio Solution File, Format Version 12.00
# Visual Studio Version 16
VisualStudioVersion = 16.0.31402.337
MinimumVisualStudioVersion = 10.0.40219.1
Project("{FAE04EC0-301F-11D3-BF4B-00C04F79EFBC}") = "bAsICs", "bAsICs\bAsICs.csproj", "{56B0D1D0-BE22-4C68-BDBF-4CC49308BCE6}"
EndProject
Project("{FAE04EC0-301F-11D3-BF4B-00C04F79EFBC}") = "Flows", "Flows\Flows.csproj", "{D4A72A91-6528-4215-8227-1361F1DA64D6}"
EndProject
Project("{FAE04EC0-301F-11D3-BF4B-00C04F79EFBC}") = "Tafels", "Tafels\Tafels.csproj", "{13FB467C-B05D-4E2A-B365-6E7848C539AC}"
EndProject
Project("{FAE04EC0-301F-11D3-BF4B-00C04F79EFBC}") = "Arrays", "Arrays\Arrays.csproj", "{C2D1527D-DBD4-4EA4-867A-A4639DE2CE6E}"
EndProject
Project("{FAE04EC0-301F-11D3-BF4B-00C04F79EFBC}") = "Performance", "Performance\Performance.csproj", "{329B3DF8-69F8-4AC9-B0D3-B5688939CAA0}"
EndProject
Global
	GlobalSection(SolutionConfigurationPlatforms) = preSolution
		Debug|Any CPU = Debug|Any CPU
		Release|Any CPU = Release|Any CPU
	EndGlobalSection
	GlobalSection(ProjectConfigurationPlatforms) = postSolution
		{56B0D1D0-BE22-4C68-BDBF-4CC49308BCE6}.Debug|Any CPU.ActiveCfg = Debug|Any CPU
		{56B0D1D0-BE22-4C68-BDBF-4CC49308BCE6}.Debug|Any CPU.Build.0 = Debug|Any CPU
		{56B0D1D0-BE22-4C68-BDBF-4CC49308BCE6}.Release|Any CPU.ActiveCfg = Release|Any CPU
		{56B0D1D0-BE22-4C68-BDBF-4CC49308BCE6}.Release|Any CPU.Build.0 = Release|Any CPU
		{D4A72A91-6528-4215-8227-1361F1DA64D6}.Debug|Any CPU.ActiveCfg = Debug|Any CPU
		{D4A72A91-6528-4215-8227-1361F1DA64D6}.Debug|Any CPU.Build.0 = Debug|Any CPU
		{D4A72A91-6528-4215-8227-1361F1DA64D6}.Release|Any CPU.ActiveCfg = Release|Any CPU
		{D4A72A91-6528-4215-8227-1361F1DA64D6}.Release|Any CPU.Build.0 = Release|Any CPU
		{13FB467C-B05D-4E2A-B365-6E7848C539AC}.Debug|Any CPU.ActiveCfg = Debug|Any CPU
		{13FB467C-B05D-4E2A-B365-6E7848C539AC}.Debug|Any CPU.Build.0 = Debug|Any CPU
		{13FB467C-B05D-4E2A-B365-6E7848C539AC}.Release|Any CPU.ActiveCfg = Release|Any CPU
		{13FB467C-B05D-4E2A-B365-6E7848C539AC}.Release|Any CPU.Build.0 = Release|Any CPU
		{C2D1527D-DBD4-4EA4-867A-A4639DE2CE6E}.Debug|Any CPU.ActiveCfg = Debug|Any CPU
		{C2D1527D-DBD4-4EA4-867A-A4639DE2CE6E}.Debug|Any CPU.Build.0 = Debug|Any CPU
		{C2D1527D-DBD4-4EA4-867A-A4639DE2CE6E}.Release|Any CPU.ActiveCfg = Release|Any CPU
		{C2D1527D-DBD4-4EA4-867A-A4639DE2CE6E}.Release|Any CPU.Build.0 = Release|Any CPU
		{329B3DF8-69F8-4AC9-B0D3-B5688939CAA0}.Debug|Any CPU.ActiveCfg = Debug|Any CPU
		{329B3DF8-69F8-4AC9-B0D3-B5688939CAA0}.Debug|Any CPU.Build.0 = Debug|Any CPU
		{329B3DF8-69F8-4AC9-B0D3-B5688939CAA0}.Release|Any CPU.ActiveCfg = Release|Any CPU
		{329B3DF8-69F8-4AC9-B0D3-B5688939CAA0}.Release|Any CPU.Build.0 = Release|Any CPU
	EndGlobalSection
	GlobalSection(SolutionProperties) = preSolution
		HideSolutionNode = FALSE
	EndGlobalSection
	GlobalSection(ExtensibilityGlobals) = postSolution
		SolutionGuid = {E15AF155-AEDD-433A-AEF4-F172B0B24FFC}
	EndGlobalSection
EndGlobal
