
Microsoft Visual Studio Solution File, Format Version 12.00
# Visual Studio Version 16
VisualStudioVersion = 16.0.31402.337
MinimumVisualStudioVersion = 10.0.40219.1
Project("{FAE04EC0-301F-11D3-BF4B-00C04F79EFBC}") = "CustomTypes", "CustomTypes\CustomTypes.csproj", "{E9512981-4AC6-4CB1-9F75-DF112C5FC3E1}"
EndProject
Project("{FAE04EC0-301F-11D3-BF4B-00C04F79EFBC}") = "Objecten", "Objecten\Objecten.csproj", "{BF676896-25E7-4571-8056-11904BFDD94E}"
EndProject
Global
	GlobalSection(SolutionConfigurationPlatforms) = preSolution
		Debug|Any CPU = Debug|Any CPU
		Release|Any CPU = Release|Any CPU
	EndGlobalSection
	GlobalSection(ProjectConfigurationPlatforms) = postSolution
		{E9512981-4AC6-4CB1-9F75-DF112C5FC3E1}.Debug|Any CPU.ActiveCfg = Debug|Any CPU
		{E9512981-4AC6-4CB1-9F75-DF112C5FC3E1}.Debug|Any CPU.Build.0 = Debug|Any CPU
		{E9512981-4AC6-4CB1-9F75-DF112C5FC3E1}.Release|Any CPU.ActiveCfg = Release|Any CPU
		{E9512981-4AC6-4CB1-9F75-DF112C5FC3E1}.Release|Any CPU.Build.0 = Release|Any CPU
		{BF676896-25E7-4571-8056-11904BFDD94E}.Debug|Any CPU.ActiveCfg = Debug|Any CPU
		{BF676896-25E7-4571-8056-11904BFDD94E}.Debug|Any CPU.Build.0 = Debug|Any CPU
		{BF676896-25E7-4571-8056-11904BFDD94E}.Release|Any CPU.ActiveCfg = Release|Any CPU
		{BF676896-25E7-4571-8056-11904BFDD94E}.Release|Any CPU.Build.0 = Release|Any CPU
	EndGlobalSection
	GlobalSection(SolutionProperties) = preSolution
		HideSolutionNode = FALSE
	EndGlobalSection
	GlobalSection(ExtensibilityGlobals) = postSolution
		SolutionGuid = {4293A73F-1EF5-4C42-A979-48929BC550A0}
	EndGlobalSection
EndGlobal
