
Microsoft Visual Studio Solution File, Format Version 12.00
# Visual Studio Version 16
VisualStudioVersion = 16.0.31402.337
MinimumVisualStudioVersion = 10.0.40219.1
Project("{FAE04EC0-301F-11D3-BF4B-00C04F79EFBC}") = "MyWpf", "MyWpf\MyWpf.csproj", "{690CB2A7-1CF9-409C-A135-60A3B79AE7B0}"
EndProject
Project("{FAE04EC0-301F-11D3-BF4B-00C04F79EFBC}") = "Calculator", "Calculator\Calculator.csproj", "{1B7F9B47-9FF0-4EE1-8DF5-CFCECD8A2BEF}"
EndProject
Project("{FAE04EC0-301F-11D3-BF4B-00C04F79EFBC}") = "WpfCalculator", "WpfCalculator\WpfCalculator.csproj", "{BCEDA230-BFDE-46DA-84D9-B385076ED21F}"
EndProject
Global
	GlobalSection(SolutionConfigurationPlatforms) = preSolution
		Debug|Any CPU = Debug|Any CPU
		Release|Any CPU = Release|Any CPU
	EndGlobalSection
	GlobalSection(ProjectConfigurationPlatforms) = postSolution
		{690CB2A7-1CF9-409C-A135-60A3B79AE7B0}.Debug|Any CPU.ActiveCfg = Debug|Any CPU
		{690CB2A7-1CF9-409C-A135-60A3B79AE7B0}.Debug|Any CPU.Build.0 = Debug|Any CPU
		{690CB2A7-1CF9-409C-A135-60A3B79AE7B0}.Release|Any CPU.ActiveCfg = Release|Any CPU
		{690CB2A7-1CF9-409C-A135-60A3B79AE7B0}.Release|Any CPU.Build.0 = Release|Any CPU
		{1B7F9B47-9FF0-4EE1-8DF5-CFCECD8A2BEF}.Debug|Any CPU.ActiveCfg = Debug|Any CPU
		{1B7F9B47-9FF0-4EE1-8DF5-CFCECD8A2BEF}.Debug|Any CPU.Build.0 = Debug|Any CPU
		{1B7F9B47-9FF0-4EE1-8DF5-CFCECD8A2BEF}.Release|Any CPU.ActiveCfg = Release|Any CPU
		{1B7F9B47-9FF0-4EE1-8DF5-CFCECD8A2BEF}.Release|Any CPU.Build.0 = Release|Any CPU
		{BCEDA230-BFDE-46DA-84D9-B385076ED21F}.Debug|Any CPU.ActiveCfg = Debug|Any CPU
		{BCEDA230-BFDE-46DA-84D9-B385076ED21F}.Debug|Any CPU.Build.0 = Debug|Any CPU
		{BCEDA230-BFDE-46DA-84D9-B385076ED21F}.Release|Any CPU.ActiveCfg = Release|Any CPU
		{BCEDA230-BFDE-46DA-84D9-B385076ED21F}.Release|Any CPU.Build.0 = Release|Any CPU
	EndGlobalSection
	GlobalSection(SolutionProperties) = preSolution
		HideSolutionNode = FALSE
	EndGlobalSection
	GlobalSection(ExtensibilityGlobals) = postSolution
		SolutionGuid = {8F733AD5-E500-4BC6-9055-F6F15BE43E8E}
	EndGlobalSection
EndGlobal
