
Microsoft Visual Studio Solution File, Format Version 12.00
# Visual Studio Version 16
VisualStudioVersion = 16.0.31402.337
MinimumVisualStudioVersion = 10.0.40219.1
Project("{FAE04EC0-301F-11D3-BF4B-00C04F79EFBC}") = "Link", "Link\Link.csproj", "{F66CA604-C675-4B1E-8A13-DB4B1497C446}"
EndProject
Global
	GlobalSection(SolutionConfigurationPlatforms) = preSolution
		Debug|Any CPU = Debug|Any CPU
		Release|Any CPU = Release|Any CPU
	EndGlobalSection
	GlobalSection(ProjectConfigurationPlatforms) = postSolution
		{F66CA604-C675-4B1E-8A13-DB4B1497C446}.Debug|Any CPU.ActiveCfg = Debug|Any CPU
		{F66CA604-C675-4B1E-8A13-DB4B1497C446}.Debug|Any CPU.Build.0 = Debug|Any CPU
		{F66CA604-C675-4B1E-8A13-DB4B1497C446}.Release|Any CPU.ActiveCfg = Release|Any CPU
		{F66CA604-C675-4B1E-8A13-DB4B1497C446}.Release|Any CPU.Build.0 = Release|Any CPU
	EndGlobalSection
	GlobalSection(SolutionProperties) = preSolution
		HideSolutionNode = FALSE
	EndGlobalSection
	GlobalSection(ExtensibilityGlobals) = postSolution
		SolutionGuid = {5C94D42C-04FE-4CEB-A61C-363C12845310}
	EndGlobalSection
EndGlobal
